
Microsoft Visual Studio Solution File, Format Version 12.00
# Visual Studio 2013
VisualStudioVersion = 12.0.31101.0
MinimumVisualStudioVersion = 10.0.40219.1
Project("{2150E333-8FDC-42A3-9474-1A3956D46DE8}") = "Solution Items", "Solution Items", "{A361DAB1-7AA0-4D49-9438-D344CEFEBFC3}"
EndProject
Project("{FAE04EC0-301F-11D3-BF4B-00C04F79EFBC}") = "Api", "Api\Api.csproj", "{193F697F-CB3A-4D39-A619-050835D727A8}"
EndProject
Project("{FAE04EC0-301F-11D3-BF4B-00C04F79EFBC}") = "DataModel2013", "DataModel\DataModel2013.csproj", "{BA25C182-756D-419E-9227-2AD21C91E5A5}"
EndProject
Project("{FAE04EC0-301F-11D3-BF4B-00C04F79EFBC}") = "DataServices.Interfaces.2013", "DataServices.Interfaces\DataServices.Interfaces.2013.csproj", "{36880C4A-2DC0-426C-8ACD-BE3AACE3B074}"
EndProject
Project("{F088123C-0E9E-452A-89E6-6BA2F21D5CAC}") = "Modeling", "Modeling\Modeling.modelproj", "{B63B5916-D561-4836-A621-766936A31448}"
EndProject
Project("{FAE04EC0-301F-11D3-BF4B-00C04F79EFBC}") = "DataServices.DocumentDBImpementation", "DataServices.DummyRealization\DataServices.DocumentDBImpementation.csproj", "{1E5F9FAA-43EF-44DC-A309-DD7DE7113E4A}"
EndProject
Global
	GlobalSection(SolutionConfigurationPlatforms) = preSolution
		Debug|Any CPU = Debug|Any CPU
		Release|Any CPU = Release|Any CPU
	EndGlobalSection
	GlobalSection(ProjectConfigurationPlatforms) = postSolution
		{193F697F-CB3A-4D39-A619-050835D727A8}.Debug|Any CPU.ActiveCfg = Debug|Any CPU
		{193F697F-CB3A-4D39-A619-050835D727A8}.Debug|Any CPU.Build.0 = Debug|Any CPU
		{193F697F-CB3A-4D39-A619-050835D727A8}.Release|Any CPU.ActiveCfg = Release|Any CPU
		{193F697F-CB3A-4D39-A619-050835D727A8}.Release|Any CPU.Build.0 = Release|Any CPU
		{BA25C182-756D-419E-9227-2AD21C91E5A5}.Debug|Any CPU.ActiveCfg = Debug|Any CPU
		{BA25C182-756D-419E-9227-2AD21C91E5A5}.Debug|Any CPU.Build.0 = Debug|Any CPU
		{BA25C182-756D-419E-9227-2AD21C91E5A5}.Release|Any CPU.ActiveCfg = Release|Any CPU
		{BA25C182-756D-419E-9227-2AD21C91E5A5}.Release|Any CPU.Build.0 = Release|Any CPU
		{36880C4A-2DC0-426C-8ACD-BE3AACE3B074}.Debug|Any CPU.ActiveCfg = Debug|Any CPU
		{36880C4A-2DC0-426C-8ACD-BE3AACE3B074}.Debug|Any CPU.Build.0 = Debug|Any CPU
		{36880C4A-2DC0-426C-8ACD-BE3AACE3B074}.Release|Any CPU.ActiveCfg = Release|Any CPU
		{36880C4A-2DC0-426C-8ACD-BE3AACE3B074}.Release|Any CPU.Build.0 = Release|Any CPU
		{B63B5916-D561-4836-A621-766936A31448}.Debug|Any CPU.ActiveCfg = Debug|Any CPU
		{B63B5916-D561-4836-A621-766936A31448}.Debug|Any CPU.Build.0 = Debug|Any CPU
		{B63B5916-D561-4836-A621-766936A31448}.Release|Any CPU.ActiveCfg = Release|Any CPU
		{B63B5916-D561-4836-A621-766936A31448}.Release|Any CPU.Build.0 = Release|Any CPU
		{1E5F9FAA-43EF-44DC-A309-DD7DE7113E4A}.Debug|Any CPU.ActiveCfg = Debug|Any CPU
		{1E5F9FAA-43EF-44DC-A309-DD7DE7113E4A}.Debug|Any CPU.Build.0 = Debug|Any CPU
		{1E5F9FAA-43EF-44DC-A309-DD7DE7113E4A}.Release|Any CPU.ActiveCfg = Release|Any CPU
		{1E5F9FAA-43EF-44DC-A309-DD7DE7113E4A}.Release|Any CPU.Build.0 = Release|Any CPU
	EndGlobalSection
	GlobalSection(SolutionProperties) = preSolution
		HideSolutionNode = FALSE
	EndGlobalSection
EndGlobal
