
Microsoft Visual Studio Solution File, Format Version 12.00
# Visual Studio 2013
VisualStudioVersion = 12.0.31101.0
MinimumVisualStudioVersion = 10.0.40219.1
Project("{FAE04EC0-301F-11D3-BF4B-00C04F79EFBC}") = "Monitoring.Web", "Monitoring.Web\Monitoring.Web.csproj", "{43911934-5813-4A74-BE62-51965DD8CC0A}"
EndProject
Project("{FAE04EC0-301F-11D3-BF4B-00C04F79EFBC}") = "Monitoring.TrackingParticipant", "Monitoring.TrackingParticipant\Monitoring.TrackingParticipant.csproj", "{D0E69985-1150-48CF-B55C-BEDB8922A99F}"
EndProject
Project("{FAE04EC0-301F-11D3-BF4B-00C04F79EFBC}") = "Monitoring.StreamInsight.Server", "Monitoring.StreamInsight.Server\Monitoring.StreamInsight.Server.csproj", "{1DCF70AF-49C6-41C1-876A-AC00A8D639CF}"
EndProject
Project("{2150E333-8FDC-42A3-9474-1A3956D46DE8}") = "Example", "Example", "{1C34F0FA-FC12-4509-9BA9-CCB98BB6F16C}"
EndProject
Project("{FAE04EC0-301F-11D3-BF4B-00C04F79EFBC}") = "Monitoring.StreamInsight.ObservableServiceProxy", "Monitoring.StreamInsight.ObservableServiceProxy\Monitoring.StreamInsight.ObservableServiceProxy.csproj", "{AB8C576A-0C1C-4091-8284-50AB53C326A4}"
EndProject
Project("{2150E333-8FDC-42A3-9474-1A3956D46DE8}") = "Front", "Front", "{9D81DE06-44AE-485D-929E-B9D3B5EEBCE6}"
EndProject
Project("{2150E333-8FDC-42A3-9474-1A3956D46DE8}") = "Monitoring", "Monitoring", "{ECAC1B77-3880-4FA7-96EA-82BBD3E5A13D}"
EndProject
Project("{2150E333-8FDC-42A3-9474-1A3956D46DE8}") = "Back", "Back", "{66F84CCE-4DF0-4085-AD4D-130656421A12}"
EndProject
Project("{2150E333-8FDC-42A3-9474-1A3956D46DE8}") = "WFExtension", "WFExtension", "{FA1EEA23-44B8-41C2-9566-6F2170111A1B}"
EndProject
Project("{FAE04EC0-301F-11D3-BF4B-00C04F79EFBC}") = "Monitoring.StreamInsight.Contract.Data", "Monitoring.StreamInsight.Contract.Data\Monitoring.StreamInsight.Contract.Data.csproj", "{1606EE88-2F85-4C63-B8CF-D0612C106CA1}"
EndProject
Project("{2150E333-8FDC-42A3-9474-1A3956D46DE8}") = "Stubs", "Stubs", "{F62AA617-B73A-49E8-B3B1-551B6DE640A3}"
EndProject
Project("{FAE04EC0-301F-11D3-BF4B-00C04F79EFBC}") = "Monitoring.Web.Contract", "Monitoring.Web.Contract\Monitoring.Web.Contract.csproj", "{AB7F4749-982F-4623-912B-1463895BE454}"
EndProject
Project("{FAE04EC0-301F-11D3-BF4B-00C04F79EFBC}") = "Monitoring.StreamInsight.Contract", "Monitoring.StreamInsight.Contract\Monitoring.StreamInsight.Contract.csproj", "{2805440B-42A2-4B79-83A7-737B221F6A7B}"
EndProject
Project("{FAE04EC0-301F-11D3-BF4B-00C04F79EFBC}") = "Monitoring.StreamInsight.Plugin.NonValueEvent", "Monitoring.StreamInsight.Plugin.NonValueEvent\Monitoring.StreamInsight.Plugin.NonValueEvent.csproj", "{3A004414-2AE2-45FB-A490-7F4F047C3227}"
EndProject
Project("{FAE04EC0-301F-11D3-BF4B-00C04F79EFBC}") = "Monitoring.StreamInsight.Plugin.ValueEvent", "Monitoring.StreamInsight.Plugin.ValueEvent\Monitoring.StreamInsight.Plugin.ValueEvent.csproj", "{3AD94BC1-677F-4945-B37C-A93002A723FF}"
EndProject
Project("{FAE04EC0-301F-11D3-BF4B-00C04F79EFBC}") = "Monitoring.StreamInsight.Plugin.ExceptionEvent", "Monitoring.StreamInsight.Plugin.ExceptionEvent\Monitoring.StreamInsight.Plugin.ExceptionEvent.csproj", "{8B5C623F-07EE-4871-B817-58CD2F9FE4E4}"
EndProject
Project("{2150E333-8FDC-42A3-9474-1A3956D46DE8}") = "Plugins", "Plugins", "{EA0453E0-111D-4C4F-9A50-4F13258B1B2B}"
EndProject
Project("{FAE04EC0-301F-11D3-BF4B-00C04F79EFBC}") = "Monitoring.Workflow.Example", "Example\Monitoring.Example\Monitoring.Workflow.Example.csproj", "{324132A8-6820-453D-B819-382AA77261DF}"
EndProject
Project("{FAE04EC0-301F-11D3-BF4B-00C04F79EFBC}") = "Monitoring.Workflow.Example.Proxy", "Example\Monitoring.Example.Proxy\Monitoring.Workflow.Example.Proxy.csproj", "{3F141BFE-2796-476D-8ED4-CE09A9231080}"
EndProject
Project("{FAE04EC0-301F-11D3-BF4B-00C04F79EFBC}") = "Monitoring.Generator.HubNotify", "Stubs\HubNotify\Monitoring.Generator.HubNotify.csproj", "{DBEE10A9-8331-4283-801B-392890211086}"
EndProject
Project("{FAE04EC0-301F-11D3-BF4B-00C04F79EFBC}") = "Monitoring.Generator.Request", "Stubs\Request\Monitoring.Generator.Request.csproj", "{7DA3EACF-E5BD-43C5-8150-927725D41C08}"
EndProject
Project("{FAE04EC0-301F-11D3-BF4B-00C04F79EFBC}") = "Monitoring.Generator.Tracking", "Stubs\Tracking\Monitoring.Generator.Tracking.csproj", "{B43A5319-3CF3-45BA-9B7B-25B5238C877D}"
EndProject
Global
	GlobalSection(SolutionConfigurationPlatforms) = preSolution
		Debug|Any CPU = Debug|Any CPU
		Release|Any CPU = Release|Any CPU
	EndGlobalSection
	GlobalSection(ProjectConfigurationPlatforms) = postSolution
		{43911934-5813-4A74-BE62-51965DD8CC0A}.Debug|Any CPU.ActiveCfg = Debug|Any CPU
		{43911934-5813-4A74-BE62-51965DD8CC0A}.Debug|Any CPU.Build.0 = Debug|Any CPU
		{43911934-5813-4A74-BE62-51965DD8CC0A}.Release|Any CPU.ActiveCfg = Release|Any CPU
		{43911934-5813-4A74-BE62-51965DD8CC0A}.Release|Any CPU.Build.0 = Release|Any CPU
		{D0E69985-1150-48CF-B55C-BEDB8922A99F}.Debug|Any CPU.ActiveCfg = Debug|Any CPU
		{D0E69985-1150-48CF-B55C-BEDB8922A99F}.Debug|Any CPU.Build.0 = Debug|Any CPU
		{D0E69985-1150-48CF-B55C-BEDB8922A99F}.Release|Any CPU.ActiveCfg = Release|Any CPU
		{D0E69985-1150-48CF-B55C-BEDB8922A99F}.Release|Any CPU.Build.0 = Release|Any CPU
		{1DCF70AF-49C6-41C1-876A-AC00A8D639CF}.Debug|Any CPU.ActiveCfg = Debug|Any CPU
		{1DCF70AF-49C6-41C1-876A-AC00A8D639CF}.Debug|Any CPU.Build.0 = Debug|Any CPU
		{1DCF70AF-49C6-41C1-876A-AC00A8D639CF}.Release|Any CPU.ActiveCfg = Release|Any CPU
		{1DCF70AF-49C6-41C1-876A-AC00A8D639CF}.Release|Any CPU.Build.0 = Release|Any CPU
		{AB8C576A-0C1C-4091-8284-50AB53C326A4}.Debug|Any CPU.ActiveCfg = Debug|Any CPU
		{AB8C576A-0C1C-4091-8284-50AB53C326A4}.Debug|Any CPU.Build.0 = Debug|Any CPU
		{AB8C576A-0C1C-4091-8284-50AB53C326A4}.Release|Any CPU.ActiveCfg = Release|Any CPU
		{AB8C576A-0C1C-4091-8284-50AB53C326A4}.Release|Any CPU.Build.0 = Release|Any CPU
		{1606EE88-2F85-4C63-B8CF-D0612C106CA1}.Debug|Any CPU.ActiveCfg = Debug|Any CPU
		{1606EE88-2F85-4C63-B8CF-D0612C106CA1}.Debug|Any CPU.Build.0 = Debug|Any CPU
		{1606EE88-2F85-4C63-B8CF-D0612C106CA1}.Release|Any CPU.ActiveCfg = Release|Any CPU
		{1606EE88-2F85-4C63-B8CF-D0612C106CA1}.Release|Any CPU.Build.0 = Release|Any CPU
		{AB7F4749-982F-4623-912B-1463895BE454}.Debug|Any CPU.ActiveCfg = Debug|Any CPU
		{AB7F4749-982F-4623-912B-1463895BE454}.Debug|Any CPU.Build.0 = Debug|Any CPU
		{AB7F4749-982F-4623-912B-1463895BE454}.Release|Any CPU.ActiveCfg = Release|Any CPU
		{AB7F4749-982F-4623-912B-1463895BE454}.Release|Any CPU.Build.0 = Release|Any CPU
		{2805440B-42A2-4B79-83A7-737B221F6A7B}.Debug|Any CPU.ActiveCfg = Debug|Any CPU
		{2805440B-42A2-4B79-83A7-737B221F6A7B}.Debug|Any CPU.Build.0 = Debug|Any CPU
		{2805440B-42A2-4B79-83A7-737B221F6A7B}.Release|Any CPU.ActiveCfg = Release|Any CPU
		{2805440B-42A2-4B79-83A7-737B221F6A7B}.Release|Any CPU.Build.0 = Release|Any CPU
		{3A004414-2AE2-45FB-A490-7F4F047C3227}.Debug|Any CPU.ActiveCfg = Debug|Any CPU
		{3A004414-2AE2-45FB-A490-7F4F047C3227}.Debug|Any CPU.Build.0 = Debug|Any CPU
		{3A004414-2AE2-45FB-A490-7F4F047C3227}.Release|Any CPU.ActiveCfg = Release|Any CPU
		{3A004414-2AE2-45FB-A490-7F4F047C3227}.Release|Any CPU.Build.0 = Release|Any CPU
		{3AD94BC1-677F-4945-B37C-A93002A723FF}.Debug|Any CPU.ActiveCfg = Debug|Any CPU
		{3AD94BC1-677F-4945-B37C-A93002A723FF}.Debug|Any CPU.Build.0 = Debug|Any CPU
		{3AD94BC1-677F-4945-B37C-A93002A723FF}.Release|Any CPU.ActiveCfg = Release|Any CPU
		{3AD94BC1-677F-4945-B37C-A93002A723FF}.Release|Any CPU.Build.0 = Release|Any CPU
		{8B5C623F-07EE-4871-B817-58CD2F9FE4E4}.Debug|Any CPU.ActiveCfg = Debug|Any CPU
		{8B5C623F-07EE-4871-B817-58CD2F9FE4E4}.Debug|Any CPU.Build.0 = Debug|Any CPU
		{8B5C623F-07EE-4871-B817-58CD2F9FE4E4}.Release|Any CPU.ActiveCfg = Release|Any CPU
		{8B5C623F-07EE-4871-B817-58CD2F9FE4E4}.Release|Any CPU.Build.0 = Release|Any CPU
		{324132A8-6820-453D-B819-382AA77261DF}.Debug|Any CPU.ActiveCfg = Debug|Any CPU
		{324132A8-6820-453D-B819-382AA77261DF}.Debug|Any CPU.Build.0 = Debug|Any CPU
		{324132A8-6820-453D-B819-382AA77261DF}.Release|Any CPU.ActiveCfg = Release|Any CPU
		{324132A8-6820-453D-B819-382AA77261DF}.Release|Any CPU.Build.0 = Release|Any CPU
		{3F141BFE-2796-476D-8ED4-CE09A9231080}.Debug|Any CPU.ActiveCfg = Debug|Any CPU
		{3F141BFE-2796-476D-8ED4-CE09A9231080}.Debug|Any CPU.Build.0 = Debug|Any CPU
		{3F141BFE-2796-476D-8ED4-CE09A9231080}.Release|Any CPU.ActiveCfg = Release|Any CPU
		{3F141BFE-2796-476D-8ED4-CE09A9231080}.Release|Any CPU.Build.0 = Release|Any CPU
		{DBEE10A9-8331-4283-801B-392890211086}.Debug|Any CPU.ActiveCfg = Debug|Any CPU
		{DBEE10A9-8331-4283-801B-392890211086}.Debug|Any CPU.Build.0 = Debug|Any CPU
		{DBEE10A9-8331-4283-801B-392890211086}.Release|Any CPU.ActiveCfg = Release|Any CPU
		{DBEE10A9-8331-4283-801B-392890211086}.Release|Any CPU.Build.0 = Release|Any CPU
		{7DA3EACF-E5BD-43C5-8150-927725D41C08}.Debug|Any CPU.ActiveCfg = Debug|Any CPU
		{7DA3EACF-E5BD-43C5-8150-927725D41C08}.Debug|Any CPU.Build.0 = Debug|Any CPU
		{7DA3EACF-E5BD-43C5-8150-927725D41C08}.Release|Any CPU.ActiveCfg = Release|Any CPU
		{7DA3EACF-E5BD-43C5-8150-927725D41C08}.Release|Any CPU.Build.0 = Release|Any CPU
		{B43A5319-3CF3-45BA-9B7B-25B5238C877D}.Debug|Any CPU.ActiveCfg = Debug|Any CPU
		{B43A5319-3CF3-45BA-9B7B-25B5238C877D}.Debug|Any CPU.Build.0 = Debug|Any CPU
		{B43A5319-3CF3-45BA-9B7B-25B5238C877D}.Release|Any CPU.ActiveCfg = Release|Any CPU
		{B43A5319-3CF3-45BA-9B7B-25B5238C877D}.Release|Any CPU.Build.0 = Release|Any CPU
	EndGlobalSection
	GlobalSection(SolutionProperties) = preSolution
		HideSolutionNode = FALSE
	EndGlobalSection
	GlobalSection(NestedProjects) = preSolution
		{43911934-5813-4A74-BE62-51965DD8CC0A} = {9D81DE06-44AE-485D-929E-B9D3B5EEBCE6}
		{D0E69985-1150-48CF-B55C-BEDB8922A99F} = {FA1EEA23-44B8-41C2-9566-6F2170111A1B}
		{1DCF70AF-49C6-41C1-876A-AC00A8D639CF} = {66F84CCE-4DF0-4085-AD4D-130656421A12}
		{AB8C576A-0C1C-4091-8284-50AB53C326A4} = {66F84CCE-4DF0-4085-AD4D-130656421A12}
		{9D81DE06-44AE-485D-929E-B9D3B5EEBCE6} = {ECAC1B77-3880-4FA7-96EA-82BBD3E5A13D}
		{66F84CCE-4DF0-4085-AD4D-130656421A12} = {ECAC1B77-3880-4FA7-96EA-82BBD3E5A13D}
		{FA1EEA23-44B8-41C2-9566-6F2170111A1B} = {ECAC1B77-3880-4FA7-96EA-82BBD3E5A13D}
		{1606EE88-2F85-4C63-B8CF-D0612C106CA1} = {66F84CCE-4DF0-4085-AD4D-130656421A12}
		{AB7F4749-982F-4623-912B-1463895BE454} = {9D81DE06-44AE-485D-929E-B9D3B5EEBCE6}
		{2805440B-42A2-4B79-83A7-737B221F6A7B} = {66F84CCE-4DF0-4085-AD4D-130656421A12}
		{3A004414-2AE2-45FB-A490-7F4F047C3227} = {EA0453E0-111D-4C4F-9A50-4F13258B1B2B}
		{3AD94BC1-677F-4945-B37C-A93002A723FF} = {EA0453E0-111D-4C4F-9A50-4F13258B1B2B}
		{8B5C623F-07EE-4871-B817-58CD2F9FE4E4} = {EA0453E0-111D-4C4F-9A50-4F13258B1B2B}
		{EA0453E0-111D-4C4F-9A50-4F13258B1B2B} = {66F84CCE-4DF0-4085-AD4D-130656421A12}
		{324132A8-6820-453D-B819-382AA77261DF} = {1C34F0FA-FC12-4509-9BA9-CCB98BB6F16C}
		{3F141BFE-2796-476D-8ED4-CE09A9231080} = {1C34F0FA-FC12-4509-9BA9-CCB98BB6F16C}
		{DBEE10A9-8331-4283-801B-392890211086} = {F62AA617-B73A-49E8-B3B1-551B6DE640A3}
		{7DA3EACF-E5BD-43C5-8150-927725D41C08} = {F62AA617-B73A-49E8-B3B1-551B6DE640A3}
		{B43A5319-3CF3-45BA-9B7B-25B5238C877D} = {F62AA617-B73A-49E8-B3B1-551B6DE640A3}
	EndGlobalSection
EndGlobal
