
Microsoft Visual Studio Solution File, Format Version 12.00
# Visual Studio 2013
VisualStudioVersion = 12.0.30110.0
MinimumVisualStudioVersion = 10.0.40219.1
Project("{2150E333-8FDC-42A3-9474-1A3956D46DE8}") = "ApiValidation", "ApiValidation", "{BF07660B-7064-4381-B91F-419456766685}"
EndProject
Project("{2150E333-8FDC-42A3-9474-1A3956D46DE8}") = "Query", "Query", "{D633F1A0-F6C8-404D-8EDD-FD2B5F206E30}"
EndProject
Project("{FAE04EC0-301F-11D3-BF4B-00C04F79EFBC}") = "Sychev.Architecture.ApiValidation.General", "Sychev.Architecture.ApiValidation\Sychev.Architecture.ApiValidation.General.csproj", "{FEB9CF1F-9BE0-4301-B4A0-AA9D4B6F6065}"
EndProject
Project("{FAE04EC0-301F-11D3-BF4B-00C04F79EFBC}") = "Sychev.Architecture.Query.Code", "Sychev.Architecture.Query.Code\Sychev.Architecture.Query.Code.csproj", "{23530FC5-CD26-45E3-B5F0-9FB1FAA27944}"
EndProject
Project("{FAE04EC0-301F-11D3-BF4B-00C04F79EFBC}") = "Sychev.Architecture.Vsix", "Sychev.Architecture.Vsix\Sychev.Architecture.Vsix.csproj", "{9F43D773-D848-468D-8AF9-1A163FCD8E78}"
EndProject
Global
	GlobalSection(SolutionConfigurationPlatforms) = preSolution
		Debug|Any CPU = Debug|Any CPU
		Release|Any CPU = Release|Any CPU
	EndGlobalSection
	GlobalSection(ProjectConfigurationPlatforms) = postSolution
		{FEB9CF1F-9BE0-4301-B4A0-AA9D4B6F6065}.Debug|Any CPU.ActiveCfg = Debug|Any CPU
		{FEB9CF1F-9BE0-4301-B4A0-AA9D4B6F6065}.Debug|Any CPU.Build.0 = Debug|Any CPU
		{FEB9CF1F-9BE0-4301-B4A0-AA9D4B6F6065}.Release|Any CPU.ActiveCfg = Release|Any CPU
		{FEB9CF1F-9BE0-4301-B4A0-AA9D4B6F6065}.Release|Any CPU.Build.0 = Release|Any CPU
		{23530FC5-CD26-45E3-B5F0-9FB1FAA27944}.Debug|Any CPU.ActiveCfg = Debug|Any CPU
		{23530FC5-CD26-45E3-B5F0-9FB1FAA27944}.Debug|Any CPU.Build.0 = Debug|Any CPU
		{23530FC5-CD26-45E3-B5F0-9FB1FAA27944}.Release|Any CPU.ActiveCfg = Release|Any CPU
		{23530FC5-CD26-45E3-B5F0-9FB1FAA27944}.Release|Any CPU.Build.0 = Release|Any CPU
		{9F43D773-D848-468D-8AF9-1A163FCD8E78}.Debug|Any CPU.ActiveCfg = Debug|Any CPU
		{9F43D773-D848-468D-8AF9-1A163FCD8E78}.Debug|Any CPU.Build.0 = Debug|Any CPU
		{9F43D773-D848-468D-8AF9-1A163FCD8E78}.Release|Any CPU.ActiveCfg = Release|Any CPU
		{9F43D773-D848-468D-8AF9-1A163FCD8E78}.Release|Any CPU.Build.0 = Release|Any CPU
	EndGlobalSection
	GlobalSection(SolutionProperties) = preSolution
		HideSolutionNode = FALSE
	EndGlobalSection
	GlobalSection(NestedProjects) = preSolution
		{FEB9CF1F-9BE0-4301-B4A0-AA9D4B6F6065} = {BF07660B-7064-4381-B91F-419456766685}
		{23530FC5-CD26-45E3-B5F0-9FB1FAA27944} = {D633F1A0-F6C8-404D-8EDD-FD2B5F206E30}
	EndGlobalSection
EndGlobal
